
Microsoft Visual Studio Solution File, Format Version 12.00
# Visual Studio Version 16
VisualStudioVersion = 16.0.30517.126
MinimumVisualStudioVersion = 10.0.40219.1
Project("{FAE04EC0-301F-11D3-BF4B-00C04F79EFBC}") = "githubtext", "githubtext\githubtext.csproj", "{6061B838-7319-4701-B8E2-CCCB9C078F10}"
EndProject
Global
	GlobalSection(SolutionConfigurationPlatforms) = preSolution
		Debug|Any CPU = Debug|Any CPU
		Release|Any CPU = Release|Any CPU
	EndGlobalSection
	GlobalSection(ProjectConfigurationPlatforms) = postSolution
		{6061B838-7319-4701-B8E2-CCCB9C078F10}.Debug|Any CPU.ActiveCfg = Debug|Any CPU
		{6061B838-7319-4701-B8E2-CCCB9C078F10}.Debug|Any CPU.Build.0 = Debug|Any CPU
		{6061B838-7319-4701-B8E2-CCCB9C078F10}.Release|Any CPU.ActiveCfg = Release|Any CPU
		{6061B838-7319-4701-B8E2-CCCB9C078F10}.Release|Any CPU.Build.0 = Release|Any CPU
	EndGlobalSection
	GlobalSection(SolutionProperties) = preSolution
		HideSolutionNode = FALSE
	EndGlobalSection
	GlobalSection(ExtensibilityGlobals) = postSolution
		SolutionGuid = {C7656A80-ED07-4FA1-A457-0914DB13BDBA}
	EndGlobalSection
EndGlobal
